// !$*UTF8*$!
{
	archiveVersion = 1;
	classes = {
	};
	objectVersion = 56;
	objects = {

/* Begin PBXBuildFile section */
		161478FA2AD06E9700F4DD42 /* EventCardTableViewCell.swift in Sources */ = {isa = PBXBuildFile; fileRef = 161478F82AD06E9700F4DD42 /* EventCardTableViewCell.swift */; };
		161478FB2AD06E9700F4DD42 /* EventCardTableViewCell.xib in Resources */ = {isa = PBXBuildFile; fileRef = 161478F92AD06E9700F4DD42 /* EventCardTableViewCell.xib */; };
		161D018B2AEA93D700EA10DF /* EventCardCollectionViewCell.swift in Sources */ = {isa = PBXBuildFile; fileRef = 161D01892AEA93D700EA10DF /* EventCardCollectionViewCell.swift */; };
		161D018C2AEA93D700EA10DF /* EventCardCollectionViewCell.xib in Resources */ = {isa = PBXBuildFile; fileRef = 161D018A2AEA93D700EA10DF /* EventCardCollectionViewCell.xib */; };
		162C50BC2ACEF1C400DC9B55 /* Composite.swift in Sources */ = {isa = PBXBuildFile; fileRef = 162C50BB2ACEF1C400DC9B55 /* Composite.swift */; };
		16A2CF922AF5172E009EC12D /* FirebaseAuthentication.swift in Sources */ = {isa = PBXBuildFile; fileRef = 16A2CF912AF5172E009EC12D /* FirebaseAuthentication.swift */; };
		16A2CF942AF517A8009EC12D /* AdminLogInViewController.swift in Sources */ = {isa = PBXBuildFile; fileRef = 16A2CF932AF517A8009EC12D /* AdminLogInViewController.swift */; };
		16AFD9E22AF3C98300E97D17 /* GoogleService-Info.plist in Resources */ = {isa = PBXBuildFile; fileRef = 16AFD9E12AF3C98300E97D17 /* GoogleService-Info.plist */; };
		16AFD9E42AF3CD1F00E97D17 /* SignUpViewController.swift in Sources */ = {isa = PBXBuildFile; fileRef = 16AFD9E32AF3CD1F00E97D17 /* SignUpViewController.swift */; };
		16AFD9EA2AF3CDDE00E97D17 /* FirebaseAuth in Frameworks */ = {isa = PBXBuildFile; productRef = 16AFD9E92AF3CDDE00E97D17 /* FirebaseAuth */; };
		16AFD9F02AF411FE00E97D17 /* LogInViewController.swift in Sources */ = {isa = PBXBuildFile; fileRef = 16AFD9EF2AF411FE00E97D17 /* LogInViewController.swift */; };
		16B365512AD1CB3700560332 /* FavouriteViewController.swift in Sources */ = {isa = PBXBuildFile; fileRef = 16B365502AD1CB3700560332 /* FavouriteViewController.swift */; };
		16B365542AD1E4A200560332 /* ClubViewController.swift in Sources */ = {isa = PBXBuildFile; fileRef = 16B365532AD1E4A200560332 /* ClubViewController.swift */; };
		16D2BE052AD6EC8F00FC5853 /* ButtonViewModel.swift in Sources */ = {isa = PBXBuildFile; fileRef = 16D2BE042AD6EC8F00FC5853 /* ButtonViewModel.swift */; };
		16D2BE072AD70BA800FC5853 /* ScrollViewModel.swift in Sources */ = {isa = PBXBuildFile; fileRef = 16D2BE062AD70BA800FC5853 /* ScrollViewModel.swift */; };
		16D2BE0C2AD711EE00FC5853 /* ImageViewModel.swift in Sources */ = {isa = PBXBuildFile; fileRef = 16D2BE0B2AD711EE00FC5853 /* ImageViewModel.swift */; };
		16D4D0562AD828D200C7B8DE /* ClubCollectionViewCell.swift in Sources */ = {isa = PBXBuildFile; fileRef = 16D4D0542AD828D200C7B8DE /* ClubCollectionViewCell.swift */; };
		16D4D0572AD828D200C7B8DE /* ClubCollectionViewCell.xib in Resources */ = {isa = PBXBuildFile; fileRef = 16D4D0552AD828D200C7B8DE /* ClubCollectionViewCell.xib */; };
		16EB068B2AC8183D00ACAB29 /* AppDelegate.swift in Sources */ = {isa = PBXBuildFile; fileRef = 16EB068A2AC8183D00ACAB29 /* AppDelegate.swift */; };
		16EB068D2AC8183D00ACAB29 /* SceneDelegate.swift in Sources */ = {isa = PBXBuildFile; fileRef = 16EB068C2AC8183D00ACAB29 /* SceneDelegate.swift */; };
		16EB068F2AC8183D00ACAB29 /* EventViewController.swift in Sources */ = {isa = PBXBuildFile; fileRef = 16EB068E2AC8183D00ACAB29 /* EventViewController.swift */; };
		16EB06922AC8183D00ACAB29 /* Main.storyboard in Resources */ = {isa = PBXBuildFile; fileRef = 16EB06902AC8183D00ACAB29 /* Main.storyboard */; };
		16EB06942AC8183E00ACAB29 /* Assets.xcassets in Resources */ = {isa = PBXBuildFile; fileRef = 16EB06932AC8183E00ACAB29 /* Assets.xcassets */; };
		16EB06972AC8183E00ACAB29 /* LaunchScreen.storyboard in Resources */ = {isa = PBXBuildFile; fileRef = 16EB06952AC8183E00ACAB29 /* LaunchScreen.storyboard */; };
		16EB06A22AC8183E00ACAB29 /* CventTests.swift in Sources */ = {isa = PBXBuildFile; fileRef = 16EB06A12AC8183E00ACAB29 /* CventTests.swift */; };
		16EB06AC2AC8183E00ACAB29 /* CventUITests.swift in Sources */ = {isa = PBXBuildFile; fileRef = 16EB06AB2AC8183E00ACAB29 /* CventUITests.swift */; };
		16EB06AE2AC8183E00ACAB29 /* CventUITestsLaunchTests.swift in Sources */ = {isa = PBXBuildFile; fileRef = 16EB06AD2AC8183E00ACAB29 /* CventUITestsLaunchTests.swift */; };
/* End PBXBuildFile section */

/* Begin PBXContainerItemProxy section */
		16EB069E2AC8183E00ACAB29 /* PBXContainerItemProxy */ = {
			isa = PBXContainerItemProxy;
			containerPortal = 16EB067F2AC8183C00ACAB29 /* Project object */;
			proxyType = 1;
			remoteGlobalIDString = 16EB06862AC8183D00ACAB29;
			remoteInfo = Cvent;
		};
		16EB06A82AC8183E00ACAB29 /* PBXContainerItemProxy */ = {
			isa = PBXContainerItemProxy;
			containerPortal = 16EB067F2AC8183C00ACAB29 /* Project object */;
			proxyType = 1;
			remoteGlobalIDString = 16EB06862AC8183D00ACAB29;
			remoteInfo = Cvent;
		};
/* End PBXContainerItemProxy section */

/* Begin PBXFileReference section */
		161478F82AD06E9700F4DD42 /* EventCardTableViewCell.swift */ = {isa = PBXFileReference; lastKnownFileType = sourcecode.swift; path = EventCardTableViewCell.swift; sourceTree = "<group>"; };
		161478F92AD06E9700F4DD42 /* EventCardTableViewCell.xib */ = {isa = PBXFileReference; lastKnownFileType = file.xib; path = EventCardTableViewCell.xib; sourceTree = "<group>"; };
		161D01892AEA93D700EA10DF /* EventCardCollectionViewCell.swift */ = {isa = PBXFileReference; lastKnownFileType = sourcecode.swift; path = EventCardCollectionViewCell.swift; sourceTree = "<group>"; };
		161D018A2AEA93D700EA10DF /* EventCardCollectionViewCell.xib */ = {isa = PBXFileReference; lastKnownFileType = file.xib; path = EventCardCollectionViewCell.xib; sourceTree = "<group>"; };
		162C50BB2ACEF1C400DC9B55 /* Composite.swift */ = {isa = PBXFileReference; lastKnownFileType = sourcecode.swift; path = Composite.swift; sourceTree = "<group>"; };
		16A2CF912AF5172E009EC12D /* FirebaseAuthentication.swift */ = {isa = PBXFileReference; lastKnownFileType = sourcecode.swift; path = FirebaseAuthentication.swift; sourceTree = "<group>"; };
		16A2CF932AF517A8009EC12D /* AdminLogInViewController.swift */ = {isa = PBXFileReference; lastKnownFileType = sourcecode.swift; path = AdminLogInViewController.swift; sourceTree = "<group>"; };
		16AFD9E12AF3C98300E97D17 /* GoogleService-Info.plist */ = {isa = PBXFileReference; fileEncoding = 4; lastKnownFileType = text.plist.xml; name = "GoogleService-Info.plist"; path = "../../../../Downloads/GoogleService-Info.plist"; sourceTree = "<group>"; };
		16AFD9E32AF3CD1F00E97D17 /* SignUpViewController.swift */ = {isa = PBXFileReference; lastKnownFileType = sourcecode.swift; path = SignUpViewController.swift; sourceTree = "<group>"; };
		16AFD9EF2AF411FE00E97D17 /* LogInViewController.swift */ = {isa = PBXFileReference; lastKnownFileType = sourcecode.swift; path = LogInViewController.swift; sourceTree = "<group>"; };
		16B365502AD1CB3700560332 /* FavouriteViewController.swift */ = {isa = PBXFileReference; lastKnownFileType = sourcecode.swift; path = FavouriteViewController.swift; sourceTree = "<group>"; };
		16B365532AD1E4A200560332 /* ClubViewController.swift */ = {isa = PBXFileReference; lastKnownFileType = sourcecode.swift; path = ClubViewController.swift; sourceTree = "<group>"; };
		16D2BE042AD6EC8F00FC5853 /* ButtonViewModel.swift */ = {isa = PBXFileReference; lastKnownFileType = sourcecode.swift; path = ButtonViewModel.swift; sourceTree = "<group>"; };
		16D2BE062AD70BA800FC5853 /* ScrollViewModel.swift */ = {isa = PBXFileReference; lastKnownFileType = sourcecode.swift; path = ScrollViewModel.swift; sourceTree = "<group>"; };
		16D2BE0B2AD711EE00FC5853 /* ImageViewModel.swift */ = {isa = PBXFileReference; lastKnownFileType = sourcecode.swift; path = ImageViewModel.swift; sourceTree = "<group>"; };
		16D4D0542AD828D200C7B8DE /* ClubCollectionViewCell.swift */ = {isa = PBXFileReference; lastKnownFileType = sourcecode.swift; path = ClubCollectionViewCell.swift; sourceTree = "<group>"; };
		16D4D0552AD828D200C7B8DE /* ClubCollectionViewCell.xib */ = {isa = PBXFileReference; lastKnownFileType = file.xib; path = ClubCollectionViewCell.xib; sourceTree = "<group>"; };
		16EB06872AC8183D00ACAB29 /* Cvent.app */ = {isa = PBXFileReference; explicitFileType = wrapper.application; includeInIndex = 0; path = Cvent.app; sourceTree = BUILT_PRODUCTS_DIR; };
		16EB068A2AC8183D00ACAB29 /* AppDelegate.swift */ = {isa = PBXFileReference; lastKnownFileType = sourcecode.swift; path = AppDelegate.swift; sourceTree = "<group>"; };
		16EB068C2AC8183D00ACAB29 /* SceneDelegate.swift */ = {isa = PBXFileReference; lastKnownFileType = sourcecode.swift; path = SceneDelegate.swift; sourceTree = "<group>"; };
		16EB068E2AC8183D00ACAB29 /* EventViewController.swift */ = {isa = PBXFileReference; lastKnownFileType = sourcecode.swift; path = EventViewController.swift; sourceTree = "<group>"; };
		16EB06912AC8183D00ACAB29 /* Base */ = {isa = PBXFileReference; lastKnownFileType = file.storyboard; name = Base; path = Base.lproj/Main.storyboard; sourceTree = "<group>"; };
		16EB06932AC8183E00ACAB29 /* Assets.xcassets */ = {isa = PBXFileReference; lastKnownFileType = folder.assetcatalog; path = Assets.xcassets; sourceTree = "<group>"; };
		16EB06962AC8183E00ACAB29 /* Base */ = {isa = PBXFileReference; lastKnownFileType = file.storyboard; name = Base; path = Base.lproj/LaunchScreen.storyboard; sourceTree = "<group>"; };
		16EB06982AC8183E00ACAB29 /* Info.plist */ = {isa = PBXFileReference; lastKnownFileType = text.plist.xml; path = Info.plist; sourceTree = "<group>"; };
		16EB069D2AC8183E00ACAB29 /* CventTests.xctest */ = {isa = PBXFileReference; explicitFileType = wrapper.cfbundle; includeInIndex = 0; path = CventTests.xctest; sourceTree = BUILT_PRODUCTS_DIR; };
		16EB06A12AC8183E00ACAB29 /* CventTests.swift */ = {isa = PBXFileReference; lastKnownFileType = sourcecode.swift; path = CventTests.swift; sourceTree = "<group>"; };
		16EB06A72AC8183E00ACAB29 /* CventUITests.xctest */ = {isa = PBXFileReference; explicitFileType = wrapper.cfbundle; includeInIndex = 0; path = CventUITests.xctest; sourceTree = BUILT_PRODUCTS_DIR; };
		16EB06AB2AC8183E00ACAB29 /* CventUITests.swift */ = {isa = PBXFileReference; lastKnownFileType = sourcecode.swift; path = CventUITests.swift; sourceTree = "<group>"; };
		16EB06AD2AC8183E00ACAB29 /* CventUITestsLaunchTests.swift */ = {isa = PBXFileReference; lastKnownFileType = sourcecode.swift; path = CventUITestsLaunchTests.swift; sourceTree = "<group>"; };
/* End PBXFileReference section */

/* Begin PBXFrameworksBuildPhase section */
		16EB06842AC8183D00ACAB29 /* Frameworks */ = {
			isa = PBXFrameworksBuildPhase;
			buildActionMask = 2147483647;
			files = (
				16AFD9EA2AF3CDDE00E97D17 /* FirebaseAuth in Frameworks */,
			);
			runOnlyForDeploymentPostprocessing = 0;
		};
		16EB069A2AC8183E00ACAB29 /* Frameworks */ = {
			isa = PBXFrameworksBuildPhase;
			buildActionMask = 2147483647;
			files = (
			);
			runOnlyForDeploymentPostprocessing = 0;
		};
		16EB06A42AC8183E00ACAB29 /* Frameworks */ = {
			isa = PBXFrameworksBuildPhase;
			buildActionMask = 2147483647;
			files = (
			);
			runOnlyForDeploymentPostprocessing = 0;
		};
/* End PBXFrameworksBuildPhase section */

/* Begin PBXGroup section */
		161478F12AD04B4A00F4DD42 /* EventCardCollectionViewCell */ = {
			isa = PBXGroup;
			children = (
				161D01892AEA93D700EA10DF /* EventCardCollectionViewCell.swift */,
				161D018A2AEA93D700EA10DF /* EventCardCollectionViewCell.xib */,
			);
			path = EventCardCollectionViewCell;
			sourceTree = "<group>";
		};
		161478F72AD06E6B00F4DD42 /* EventCardTableViewCell */ = {
			isa = PBXGroup;
			children = (
				161478F82AD06E9700F4DD42 /* EventCardTableViewCell.swift */,
				161478F92AD06E9700F4DD42 /* EventCardTableViewCell.xib */,
			);
			path = EventCardTableViewCell;
			sourceTree = "<group>";
		};
		162C50BA2ACEF1B700DC9B55 /* Helper */ = {
			isa = PBXGroup;
			children = (
				16A2CF902AF51709009EC12D /* Firebase */,
				162C50BB2ACEF1C400DC9B55 /* Composite.swift */,
			);
			path = Helper;
			sourceTree = "<group>";
		};
		165E9D752AF3B12E002B5DE8 /* Frameworks */ = {
			isa = PBXGroup;
			children = (
			);
			name = Frameworks;
			sourceTree = "<group>";
		};
		16A2CF902AF51709009EC12D /* Firebase */ = {
			isa = PBXGroup;
			children = (
				16A2CF912AF5172E009EC12D /* FirebaseAuthentication.swift */,
			);
			path = Firebase;
			sourceTree = "<group>";
		};
		16A2CF952AF53F08009EC12D /* Admin */ = {
			isa = PBXGroup;
			children = (
				16A2CF982AF53F2B009EC12D /* Model */,
				16A2CF972AF53F23009EC12D /* ViewModel */,
				16A2CF962AF53F18009EC12D /* View */,
			);
			path = Admin;
			sourceTree = "<group>";
		};
		16A2CF962AF53F18009EC12D /* View */ = {
			isa = PBXGroup;
			children = (
				16A2CF932AF517A8009EC12D /* AdminLogInViewController.swift */,
			);
			name = View;
			sourceTree = "<group>";
		};
		16A2CF972AF53F23009EC12D /* ViewModel */ = {
			isa = PBXGroup;
			children = (
			);
			name = ViewModel;
			sourceTree = "<group>";
		};
		16A2CF982AF53F2B009EC12D /* Model */ = {
			isa = PBXGroup;
			children = (
			);
			name = Model;
			sourceTree = "<group>";
		};
		16AFD9E52AF3CD2500E97D17 /* SignUp */ = {
			isa = PBXGroup;
			children = (
				16AFD9E82AF3CD4A00E97D17 /* View */,
				16AFD9E72AF3CD3B00E97D17 /* MovelView */,
				16AFD9E62AF3CD3400E97D17 /* Model */,
			);
			path = SignUp;
			sourceTree = "<group>";
		};
		16AFD9E62AF3CD3400E97D17 /* Model */ = {
			isa = PBXGroup;
			children = (
			);
			path = Model;
			sourceTree = "<group>";
		};
		16AFD9E72AF3CD3B00E97D17 /* MovelView */ = {
			isa = PBXGroup;
			children = (
			);
			path = MovelView;
			sourceTree = "<group>";
		};
		16AFD9E82AF3CD4A00E97D17 /* View */ = {
			isa = PBXGroup;
			children = (
				16AFD9E32AF3CD1F00E97D17 /* SignUpViewController.swift */,
			);
			path = View;
			sourceTree = "<group>";
		};
		16AFD9EB2AF411C100E97D17 /* LogIn */ = {
			isa = PBXGroup;
			children = (
				16AFD9EE2AF411E200E97D17 /* View */,
				16AFD9ED2AF411D700E97D17 /* ViewModel */,
				16AFD9EC2AF411D100E97D17 /* Model */,
			);
			path = LogIn;
			sourceTree = "<group>";
		};
		16AFD9EC2AF411D100E97D17 /* Model */ = {
			isa = PBXGroup;
			children = (
			);
			path = Model;
			sourceTree = "<group>";
		};
		16AFD9ED2AF411D700E97D17 /* ViewModel */ = {
			isa = PBXGroup;
			children = (
			);
			path = ViewModel;
			sourceTree = "<group>";
		};
		16AFD9EE2AF411E200E97D17 /* View */ = {
			isa = PBXGroup;
			children = (
				16AFD9EF2AF411FE00E97D17 /* LogInViewController.swift */,
			);
			path = View;
			sourceTree = "<group>";
		};
		16B3654F2AD1CB1900560332 /* Favourite */ = {
			isa = PBXGroup;
			children = (
				16D2BE0A2AD70DC900FC5853 /* View */,
				16D2BE092AD70DC100FC5853 /* ViewModel */,
				16D2BE082AD70DB700FC5853 /* Model */,
			);
			path = Favourite;
			sourceTree = "<group>";
		};
		16B365522AD1E48E00560332 /* Clubs */ = {
			isa = PBXGroup;
			children = (
				16D4D0532AD8288B00C7B8DE /* View */,
				16D4D0522AD8288100C7B8DE /* ViewModel */,
				16D4D0512AD8286F00C7B8DE /* Model */,
			);
			path = Clubs;
			sourceTree = "<group>";
		};
		16D2BE082AD70DB700FC5853 /* Model */ = {
			isa = PBXGroup;
			children = (
			);
			path = Model;
			sourceTree = "<group>";
		};
		16D2BE092AD70DC100FC5853 /* ViewModel */ = {
			isa = PBXGroup;
			children = (
			);
			path = ViewModel;
			sourceTree = "<group>";
		};
		16D2BE0A2AD70DC900FC5853 /* View */ = {
			isa = PBXGroup;
			children = (
				16B365502AD1CB3700560332 /* FavouriteViewController.swift */,
			);
			path = View;
			sourceTree = "<group>";
		};
		16D4D0512AD8286F00C7B8DE /* Model */ = {
			isa = PBXGroup;
			children = (
			);
			path = Model;
			sourceTree = "<group>";
		};
		16D4D0522AD8288100C7B8DE /* ViewModel */ = {
			isa = PBXGroup;
			children = (
			);
			path = ViewModel;
			sourceTree = "<group>";
		};
		16D4D0532AD8288B00C7B8DE /* View */ = {
			isa = PBXGroup;
			children = (
				16B365532AD1E4A200560332 /* ClubViewController.swift */,
				16D4D0582AD8398600C7B8DE /* ClubCollectionViewCell */,
			);
			path = View;
			sourceTree = "<group>";
		};
		16D4D0582AD8398600C7B8DE /* ClubCollectionViewCell */ = {
			isa = PBXGroup;
			children = (
				16D4D0542AD828D200C7B8DE /* ClubCollectionViewCell.swift */,
				16D4D0552AD828D200C7B8DE /* ClubCollectionViewCell.xib */,
			);
			path = ClubCollectionViewCell;
			sourceTree = "<group>";
		};
		16EB067E2AC8183C00ACAB29 = {
			isa = PBXGroup;
			children = (
				16EB06892AC8183D00ACAB29 /* Cvent */,
				16EB06A02AC8183E00ACAB29 /* CventTests */,
				16EB06AA2AC8183E00ACAB29 /* CventUITests */,
				16EB06882AC8183D00ACAB29 /* Products */,
				165E9D752AF3B12E002B5DE8 /* Frameworks */,
			);
			sourceTree = "<group>";
		};
		16EB06882AC8183D00ACAB29 /* Products */ = {
			isa = PBXGroup;
			children = (
				16EB06872AC8183D00ACAB29 /* Cvent.app */,
				16EB069D2AC8183E00ACAB29 /* CventTests.xctest */,
				16EB06A72AC8183E00ACAB29 /* CventUITests.xctest */,
			);
			name = Products;
			sourceTree = "<group>";
		};
		16EB06892AC8183D00ACAB29 /* Cvent */ = {
			isa = PBXGroup;
			children = (
				162C50BA2ACEF1B700DC9B55 /* Helper */,
				16EB06BE2AC81D9B00ACAB29 /* Application */,
				16EB06C02AC81F7900ACAB29 /* Storyboard */,
				16EB06BD2AC81D6300ACAB29 /* Screens */,
				16EB06932AC8183E00ACAB29 /* Assets.xcassets */,
				16EB06982AC8183E00ACAB29 /* Info.plist */,
				16AFD9E12AF3C98300E97D17 /* GoogleService-Info.plist */,
			);
			path = Cvent;
			sourceTree = "<group>";
		};
		16EB06A02AC8183E00ACAB29 /* CventTests */ = {
			isa = PBXGroup;
			children = (
				16EB06A12AC8183E00ACAB29 /* CventTests.swift */,
			);
			path = CventTests;
			sourceTree = "<group>";
		};
		16EB06AA2AC8183E00ACAB29 /* CventUITests */ = {
			isa = PBXGroup;
			children = (
				16EB06AB2AC8183E00ACAB29 /* CventUITests.swift */,
				16EB06AD2AC8183E00ACAB29 /* CventUITestsLaunchTests.swift */,
			);
			path = CventUITests;
			sourceTree = "<group>";
		};
		16EB06BA2AC81D1D00ACAB29 /* Model */ = {
			isa = PBXGroup;
			children = (
			);
			path = Model;
			sourceTree = "<group>";
		};
		16EB06BB2AC81D2800ACAB29 /* View */ = {
			isa = PBXGroup;
			children = (
				16EB068E2AC8183D00ACAB29 /* EventViewController.swift */,
				161478F72AD06E6B00F4DD42 /* EventCardTableViewCell */,
				161478F12AD04B4A00F4DD42 /* EventCardCollectionViewCell */,
			);
			path = View;
			sourceTree = "<group>";
		};
		16EB06BC2AC81D3200ACAB29 /* ViewModel */ = {
			isa = PBXGroup;
			children = (
				16D2BE042AD6EC8F00FC5853 /* ButtonViewModel.swift */,
				16D2BE062AD70BA800FC5853 /* ScrollViewModel.swift */,
				16D2BE0B2AD711EE00FC5853 /* ImageViewModel.swift */,
			);
			path = ViewModel;
			sourceTree = "<group>";
		};
		16EB06BD2AC81D6300ACAB29 /* Screens */ = {
			isa = PBXGroup;
			children = (
				16A2CF952AF53F08009EC12D /* Admin */,
				16AFD9EB2AF411C100E97D17 /* LogIn */,
				16AFD9E52AF3CD2500E97D17 /* SignUp */,
				16B365522AD1E48E00560332 /* Clubs */,
				16B3654F2AD1CB1900560332 /* Favourite */,
				16EB06BF2AC81F6400ACAB29 /* Event */,
			);
			path = Screens;
			sourceTree = "<group>";
		};
		16EB06BE2AC81D9B00ACAB29 /* Application */ = {
			isa = PBXGroup;
			children = (
				16EB068A2AC8183D00ACAB29 /* AppDelegate.swift */,
				16EB068C2AC8183D00ACAB29 /* SceneDelegate.swift */,
			);
			path = Application;
			sourceTree = "<group>";
		};
		16EB06BF2AC81F6400ACAB29 /* Event */ = {
			isa = PBXGroup;
			children = (
				16EB06BC2AC81D3200ACAB29 /* ViewModel */,
				16EB06BB2AC81D2800ACAB29 /* View */,
				16EB06BA2AC81D1D00ACAB29 /* Model */,
			);
			path = Event;
			sourceTree = "<group>";
		};
		16EB06C02AC81F7900ACAB29 /* Storyboard */ = {
			isa = PBXGroup;
			children = (
				16EB06952AC8183E00ACAB29 /* LaunchScreen.storyboard */,
				16EB06902AC8183D00ACAB29 /* Main.storyboard */,
			);
			path = Storyboard;
			sourceTree = "<group>";
		};
/* End PBXGroup section */

/* Begin PBXNativeTarget section */
		16EB06862AC8183D00ACAB29 /* Cvent */ = {
			isa = PBXNativeTarget;
			buildConfigurationList = 16EB06B12AC8183E00ACAB29 /* Build configuration list for PBXNativeTarget "Cvent" */;
			buildPhases = (
				16EB06832AC8183D00ACAB29 /* Sources */,
				16EB06842AC8183D00ACAB29 /* Frameworks */,
				16EB06852AC8183D00ACAB29 /* Resources */,
			);
			buildRules = (
			);
			dependencies = (
			);
			name = Cvent;
			packageProductDependencies = (
				16AFD9E92AF3CDDE00E97D17 /* FirebaseAuth */,
			);
			productName = Cvent;
			productReference = 16EB06872AC8183D00ACAB29 /* Cvent.app */;
			productType = "com.apple.product-type.application";
		};
		16EB069C2AC8183E00ACAB29 /* CventTests */ = {
			isa = PBXNativeTarget;
			buildConfigurationList = 16EB06B42AC8183E00ACAB29 /* Build configuration list for PBXNativeTarget "CventTests" */;
			buildPhases = (
				16EB06992AC8183E00ACAB29 /* Sources */,
				16EB069A2AC8183E00ACAB29 /* Frameworks */,
				16EB069B2AC8183E00ACAB29 /* Resources */,
			);
			buildRules = (
			);
			dependencies = (
				16EB069F2AC8183E00ACAB29 /* PBXTargetDependency */,
			);
			name = CventTests;
			productName = CventTests;
			productReference = 16EB069D2AC8183E00ACAB29 /* CventTests.xctest */;
			productType = "com.apple.product-type.bundle.unit-test";
		};
		16EB06A62AC8183E00ACAB29 /* CventUITests */ = {
			isa = PBXNativeTarget;
			buildConfigurationList = 16EB06B72AC8183E00ACAB29 /* Build configuration list for PBXNativeTarget "CventUITests" */;
			buildPhases = (
				16EB06A32AC8183E00ACAB29 /* Sources */,
				16EB06A42AC8183E00ACAB29 /* Frameworks */,
				16EB06A52AC8183E00ACAB29 /* Resources */,
			);
			buildRules = (
			);
			dependencies = (
				16EB06A92AC8183E00ACAB29 /* PBXTargetDependency */,
			);
			name = CventUITests;
			productName = CventUITests;
			productReference = 16EB06A72AC8183E00ACAB29 /* CventUITests.xctest */;
			productType = "com.apple.product-type.bundle.ui-testing";
		};
/* End PBXNativeTarget section */

/* Begin PBXProject section */
		16EB067F2AC8183C00ACAB29 /* Project object */ = {
			isa = PBXProject;
			attributes = {
				BuildIndependentTargetsInParallel = 1;
				LastSwiftUpdateCheck = 1500;
				LastUpgradeCheck = 1500;
				TargetAttributes = {
					16EB06862AC8183D00ACAB29 = {
						CreatedOnToolsVersion = 15.0;
					};
					16EB069C2AC8183E00ACAB29 = {
						CreatedOnToolsVersion = 15.0;
						TestTargetID = 16EB06862AC8183D00ACAB29;
					};
					16EB06A62AC8183E00ACAB29 = {
						CreatedOnToolsVersion = 15.0;
						TestTargetID = 16EB06862AC8183D00ACAB29;
					};
				};
			};
			buildConfigurationList = 16EB06822AC8183C00ACAB29 /* Build configuration list for PBXProject "Cvent" */;
			compatibilityVersion = "Xcode 14.0";
			developmentRegion = en;
			hasScannedForEncodings = 0;
			knownRegions = (
				en,
				Base,
			);
			mainGroup = 16EB067E2AC8183C00ACAB29;
			packageReferences = (
				165E9D742AF3B114002B5DE8 /* XCRemoteSwiftPackageReference "firebase-ios-sdk" */,
			);
			productRefGroup = 16EB06882AC8183D00ACAB29 /* Products */;
			projectDirPath = "";
			projectRoot = "";
			targets = (
				16EB06862AC8183D00ACAB29 /* Cvent */,
				16EB069C2AC8183E00ACAB29 /* CventTests */,
				16EB06A62AC8183E00ACAB29 /* CventUITests */,
			);
		};
/* End PBXProject section */

/* Begin PBXResourcesBuildPhase section */
		16EB06852AC8183D00ACAB29 /* Resources */ = {
			isa = PBXResourcesBuildPhase;
			buildActionMask = 2147483647;
			files = (
				16EB06972AC8183E00ACAB29 /* LaunchScreen.storyboard in Resources */,
				161D018C2AEA93D700EA10DF /* EventCardCollectionViewCell.xib in Resources */,
				16D4D0572AD828D200C7B8DE /* ClubCollectionViewCell.xib in Resources */,
				16EB06942AC8183E00ACAB29 /* Assets.xcassets in Resources */,
				16EB06922AC8183D00ACAB29 /* Main.storyboard in Resources */,
				161478FB2AD06E9700F4DD42 /* EventCardTableViewCell.xib in Resources */,
				16AFD9E22AF3C98300E97D17 /* GoogleService-Info.plist in Resources */,
			);
			runOnlyForDeploymentPostprocessing = 0;
		};
		16EB069B2AC8183E00ACAB29 /* Resources */ = {
			isa = PBXResourcesBuildPhase;
			buildActionMask = 2147483647;
			files = (
			);
			runOnlyForDeploymentPostprocessing = 0;
		};
		16EB06A52AC8183E00ACAB29 /* Resources */ = {
			isa = PBXResourcesBuildPhase;
			buildActionMask = 2147483647;
			files = (
			);
			runOnlyForDeploymentPostprocessing = 0;
		};
/* End PBXResourcesBuildPhase section */

/* Begin PBXSourcesBuildPhase section */
		16EB06832AC8183D00ACAB29 /* Sources */ = {
			isa = PBXSourcesBuildPhase;
			buildActionMask = 2147483647;
			files = (
				16D4D0562AD828D200C7B8DE /* ClubCollectionViewCell.swift in Sources */,
				16B365542AD1E4A200560332 /* ClubViewController.swift in Sources */,
				16D2BE052AD6EC8F00FC5853 /* ButtonViewModel.swift in Sources */,
				162C50BC2ACEF1C400DC9B55 /* Composite.swift in Sources */,
				16EB068F2AC8183D00ACAB29 /* EventViewController.swift in Sources */,
				16EB068B2AC8183D00ACAB29 /* AppDelegate.swift in Sources */,
				16B365512AD1CB3700560332 /* FavouriteViewController.swift in Sources */,
				16D2BE072AD70BA800FC5853 /* ScrollViewModel.swift in Sources */,
				161478FA2AD06E9700F4DD42 /* EventCardTableViewCell.swift in Sources */,
				161D018B2AEA93D700EA10DF /* EventCardCollectionViewCell.swift in Sources */,
				16A2CF942AF517A8009EC12D /* AdminLogInViewController.swift in Sources */,
				16AFD9F02AF411FE00E97D17 /* LogInViewController.swift in Sources */,
				16A2CF922AF5172E009EC12D /* FirebaseAuthentication.swift in Sources */,
				16D2BE0C2AD711EE00FC5853 /* ImageViewModel.swift in Sources */,
				16AFD9E42AF3CD1F00E97D17 /* SignUpViewController.swift in Sources */,
				16EB068D2AC8183D00ACAB29 /* SceneDelegate.swift in Sources */,
			);
			runOnlyForDeploymentPostprocessing = 0;
		};
		16EB06992AC8183E00ACAB29 /* Sources */ = {
			isa = PBXSourcesBuildPhase;
			buildActionMask = 2147483647;
			files = (
				16EB06A22AC8183E00ACAB29 /* CventTests.swift in Sources */,
			);
			runOnlyForDeploymentPostprocessing = 0;
		};
		16EB06A32AC8183E00ACAB29 /* Sources */ = {
			isa = PBXSourcesBuildPhase;
			buildActionMask = 2147483647;
			files = (
				16EB06AC2AC8183E00ACAB29 /* CventUITests.swift in Sources */,
				16EB06AE2AC8183E00ACAB29 /* CventUITestsLaunchTests.swift in Sources */,
			);
			runOnlyForDeploymentPostprocessing = 0;
		};
/* End PBXSourcesBuildPhase section */

/* Begin PBXTargetDependency section */
		16EB069F2AC8183E00ACAB29 /* PBXTargetDependency */ = {
			isa = PBXTargetDependency;
			target = 16EB06862AC8183D00ACAB29 /* Cvent */;
			targetProxy = 16EB069E2AC8183E00ACAB29 /* PBXContainerItemProxy */;
		};
		16EB06A92AC8183E00ACAB29 /* PBXTargetDependency */ = {
			isa = PBXTargetDependency;
			target = 16EB06862AC8183D00ACAB29 /* Cvent */;
			targetProxy = 16EB06A82AC8183E00ACAB29 /* PBXContainerItemProxy */;
		};
/* End PBXTargetDependency section */

/* Begin PBXVariantGroup section */
		16EB06902AC8183D00ACAB29 /* Main.storyboard */ = {
			isa = PBXVariantGroup;
			children = (
				16EB06912AC8183D00ACAB29 /* Base */,
			);
			name = Main.storyboard;
			sourceTree = "<group>";
		};
		16EB06952AC8183E00ACAB29 /* LaunchScreen.storyboard */ = {
			isa = PBXVariantGroup;
			children = (
				16EB06962AC8183E00ACAB29 /* Base */,
			);
			name = LaunchScreen.storyboard;
			sourceTree = "<group>";
		};
/* End PBXVariantGroup section */

/* Begin XCBuildConfiguration section */
		16EB06AF2AC8183E00ACAB29 /* Debug */ = {
			isa = XCBuildConfiguration;
			buildSettings = {
				ALWAYS_SEARCH_USER_PATHS = NO;
				ASSETCATALOG_COMPILER_GENERATE_SWIFT_ASSET_SYMBOL_EXTENSIONS = YES;
				CLANG_ANALYZER_NONNULL = YES;
				CLANG_ANALYZER_NUMBER_OBJECT_CONVERSION = YES_AGGRESSIVE;
				CLANG_CXX_LANGUAGE_STANDARD = "gnu++20";
				CLANG_ENABLE_MODULES = YES;
				CLANG_ENABLE_OBJC_ARC = YES;
				CLANG_ENABLE_OBJC_WEAK = YES;
				CLANG_WARN_BLOCK_CAPTURE_AUTORELEASING = YES;
				CLANG_WARN_BOOL_CONVERSION = YES;
				CLANG_WARN_COMMA = YES;
				CLANG_WARN_CONSTANT_CONVERSION = YES;
				CLANG_WARN_DEPRECATED_OBJC_IMPLEMENTATIONS = YES;
				CLANG_WARN_DIRECT_OBJC_ISA_USAGE = YES_ERROR;
				CLANG_WARN_DOCUMENTATION_COMMENTS = YES;
				CLANG_WARN_EMPTY_BODY = YES;
				CLANG_WARN_ENUM_CONVERSION = YES;
				CLANG_WARN_INFINITE_RECURSION = YES;
				CLANG_WARN_INT_CONVERSION = YES;
				CLANG_WARN_NON_LITERAL_NULL_CONVERSION = YES;
				CLANG_WARN_OBJC_IMPLICIT_RETAIN_SELF = YES;
				CLANG_WARN_OBJC_LITERAL_CONVERSION = YES;
				CLANG_WARN_OBJC_ROOT_CLASS = YES_ERROR;
				CLANG_WARN_QUOTED_INCLUDE_IN_FRAMEWORK_HEADER = YES;
				CLANG_WARN_RANGE_LOOP_ANALYSIS = YES;
				CLANG_WARN_STRICT_PROTOTYPES = YES;
				CLANG_WARN_SUSPICIOUS_MOVE = YES;
				CLANG_WARN_UNGUARDED_AVAILABILITY = YES_AGGRESSIVE;
				CLANG_WARN_UNREACHABLE_CODE = YES;
				CLANG_WARN__DUPLICATE_METHOD_MATCH = YES;
				COPY_PHASE_STRIP = NO;
				DEBUG_INFORMATION_FORMAT = dwarf;
				ENABLE_STRICT_OBJC_MSGSEND = YES;
				ENABLE_TESTABILITY = YES;
				ENABLE_USER_SCRIPT_SANDBOXING = YES;
				GCC_C_LANGUAGE_STANDARD = gnu17;
				GCC_DYNAMIC_NO_PIC = NO;
				GCC_NO_COMMON_BLOCKS = YES;
				GCC_OPTIMIZATION_LEVEL = 0;
				GCC_PREPROCESSOR_DEFINITIONS = (
					"DEBUG=1",
					"$(inherited)",
				);
				GCC_WARN_64_TO_32_BIT_CONVERSION = YES;
				GCC_WARN_ABOUT_RETURN_TYPE = YES_ERROR;
				GCC_WARN_UNDECLARED_SELECTOR = YES;
				GCC_WARN_UNINITIALIZED_AUTOS = YES_AGGRESSIVE;
				GCC_WARN_UNUSED_FUNCTION = YES;
				GCC_WARN_UNUSED_VARIABLE = YES;
				IPHONEOS_DEPLOYMENT_TARGET = 17.0;
				LOCALIZATION_PREFERS_STRING_CATALOGS = YES;
				MTL_ENABLE_DEBUG_INFO = INCLUDE_SOURCE;
				MTL_FAST_MATH = YES;
				ONLY_ACTIVE_ARCH = YES;
				SDKROOT = iphoneos;
				SWIFT_ACTIVE_COMPILATION_CONDITIONS = "DEBUG $(inherited)";
				SWIFT_OPTIMIZATION_LEVEL = "-Onone";
			};
			name = Debug;
		};
		16EB06B02AC8183E00ACAB29 /* Release */ = {
			isa = XCBuildConfiguration;
			buildSettings = {
				ALWAYS_SEARCH_USER_PATHS = NO;
				ASSETCATALOG_COMPILER_GENERATE_SWIFT_ASSET_SYMBOL_EXTENSIONS = YES;
				CLANG_ANALYZER_NONNULL = YES;
				CLANG_ANALYZER_NUMBER_OBJECT_CONVERSION = YES_AGGRESSIVE;
				CLANG_CXX_LANGUAGE_STANDARD = "gnu++20";
				CLANG_ENABLE_MODULES = YES;
				CLANG_ENABLE_OBJC_ARC = YES;
				CLANG_ENABLE_OBJC_WEAK = YES;
				CLANG_WARN_BLOCK_CAPTURE_AUTORELEASING = YES;
				CLANG_WARN_BOOL_CONVERSION = YES;
				CLANG_WARN_COMMA = YES;
				CLANG_WARN_CONSTANT_CONVERSION = YES;
				CLANG_WARN_DEPRECATED_OBJC_IMPLEMENTATIONS = YES;
				CLANG_WARN_DIRECT_OBJC_ISA_USAGE = YES_ERROR;
				CLANG_WARN_DOCUMENTATION_COMMENTS = YES;
				CLANG_WARN_EMPTY_BODY = YES;
				CLANG_WARN_ENUM_CONVERSION = YES;
				CLANG_WARN_INFINITE_RECURSION = YES;
				CLANG_WARN_INT_CONVERSION = YES;
				CLANG_WARN_NON_LITERAL_NULL_CONVERSION = YES;
				CLANG_WARN_OBJC_IMPLICIT_RETAIN_SELF = YES;
				CLANG_WARN_OBJC_LITERAL_CONVERSION = YES;
				CLANG_WARN_OBJC_ROOT_CLASS = YES_ERROR;
				CLANG_WARN_QUOTED_INCLUDE_IN_FRAMEWORK_HEADER = YES;
				CLANG_WARN_RANGE_LOOP_ANALYSIS = YES;
				CLANG_WARN_STRICT_PROTOTYPES = YES;
				CLANG_WARN_SUSPICIOUS_MOVE = YES;
				CLANG_WARN_UNGUARDED_AVAILABILITY = YES_AGGRESSIVE;
				CLANG_WARN_UNREACHABLE_CODE = YES;
				CLANG_WARN__DUPLICATE_METHOD_MATCH = YES;
				COPY_PHASE_STRIP = NO;
				DEBUG_INFORMATION_FORMAT = "dwarf-with-dsym";
				ENABLE_NS_ASSERTIONS = NO;
				ENABLE_STRICT_OBJC_MSGSEND = YES;
				ENABLE_USER_SCRIPT_SANDBOXING = YES;
				GCC_C_LANGUAGE_STANDARD = gnu17;
				GCC_NO_COMMON_BLOCKS = YES;
				GCC_WARN_64_TO_32_BIT_CONVERSION = YES;
				GCC_WARN_ABOUT_RETURN_TYPE = YES_ERROR;
				GCC_WARN_UNDECLARED_SELECTOR = YES;
				GCC_WARN_UNINITIALIZED_AUTOS = YES_AGGRESSIVE;
				GCC_WARN_UNUSED_FUNCTION = YES;
				GCC_WARN_UNUSED_VARIABLE = YES;
				IPHONEOS_DEPLOYMENT_TARGET = 17.0;
				LOCALIZATION_PREFERS_STRING_CATALOGS = YES;
				MTL_ENABLE_DEBUG_INFO = NO;
				MTL_FAST_MATH = YES;
				SDKROOT = iphoneos;
				SWIFT_COMPILATION_MODE = wholemodule;
				VALIDATE_PRODUCT = YES;
			};
			name = Release;
		};
		16EB06B22AC8183E00ACAB29 /* Debug */ = {
			isa = XCBuildConfiguration;
			buildSettings = {
				ASSETCATALOG_COMPILER_APPICON_NAME = AppIcon;
				ASSETCATALOG_COMPILER_GLOBAL_ACCENT_COLOR_NAME = AccentColor;
				CODE_SIGN_STYLE = Automatic;
				CURRENT_PROJECT_VERSION = 1;
				DEVELOPMENT_TEAM = XVV6L89S5W;
				GENERATE_INFOPLIST_FILE = YES;
				INFOPLIST_FILE = Cvent/Info.plist;
				INFOPLIST_KEY_UIApplicationSupportsIndirectInputEvents = YES;
				INFOPLIST_KEY_UILaunchStoryboardName = LaunchScreen;
				INFOPLIST_KEY_UIMainStoryboardFile = Main;
				INFOPLIST_KEY_UISupportedInterfaceOrientations_iPad = "UIInterfaceOrientationPortrait UIInterfaceOrientationPortraitUpsideDown UIInterfaceOrientationLandscapeLeft UIInterfaceOrientationLandscapeRight";
				INFOPLIST_KEY_UISupportedInterfaceOrientations_iPhone = "UIInterfaceOrientationPortrait UIInterfaceOrientationLandscapeLeft UIInterfaceOrientationLandscapeRight";
				LD_RUNPATH_SEARCH_PATHS = (
					"$(inherited)",
					"@executable_path/Frameworks",
				);
				MARKETING_VERSION = 1.0;
				PRODUCT_BUNDLE_IDENTIFIER = Jigmet.Cvent;
				PRODUCT_NAME = "$(TARGET_NAME)";
				SWIFT_EMIT_LOC_STRINGS = YES;
				SWIFT_VERSION = 5.0;
				TARGETED_DEVICE_FAMILY = "1,2";
			};
			name = Debug;
		};
		16EB06B32AC8183E00ACAB29 /* Release */ = {
			isa = XCBuildConfiguration;
			buildSettings = {
				ASSETCATALOG_COMPILER_APPICON_NAME = AppIcon;
				ASSETCATALOG_COMPILER_GLOBAL_ACCENT_COLOR_NAME = AccentColor;
				CODE_SIGN_STYLE = Automatic;
				CURRENT_PROJECT_VERSION = 1;
				DEVELOPMENT_TEAM = XVV6L89S5W;
				GENERATE_INFOPLIST_FILE = YES;
				INFOPLIST_FILE = Cvent/Info.plist;
				INFOPLIST_KEY_UIApplicationSupportsIndirectInputEvents = YES;
				INFOPLIST_KEY_UILaunchStoryboardName = LaunchScreen;
				INFOPLIST_KEY_UIMainStoryboardFile = Main;
				INFOPLIST_KEY_UISupportedInterfaceOrientations_iPad = "UIInterfaceOrientationPortrait UIInterfaceOrientationPortraitUpsideDown UIInterfaceOrientationLandscapeLeft UIInterfaceOrientationLandscapeRight";
				INFOPLIST_KEY_UISupportedInterfaceOrientations_iPhone = "UIInterfaceOrientationPortrait UIInterfaceOrientationLandscapeLeft UIInterfaceOrientationLandscapeRight";
				LD_RUNPATH_SEARCH_PATHS = (
					"$(inherited)",
					"@executable_path/Frameworks",
				);
				MARKETING_VERSION = 1.0;
				PRODUCT_BUNDLE_IDENTIFIER = Jigmet.Cvent;
				PRODUCT_NAME = "$(TARGET_NAME)";
				SWIFT_EMIT_LOC_STRINGS = YES;
				SWIFT_VERSION = 5.0;
				TARGETED_DEVICE_FAMILY = "1,2";
			};
			name = Release;
		};
		16EB06B52AC8183E00ACAB29 /* Debug */ = {
			isa = XCBuildConfiguration;
			buildSettings = {
				ALWAYS_EMBED_SWIFT_STANDARD_LIBRARIES = YES;
				BUNDLE_LOADER = "$(TEST_HOST)";
				CODE_SIGN_STYLE = Automatic;
				CURRENT_PROJECT_VERSION = 1;
				DEVELOPMENT_TEAM = XVV6L89S5W;
				GENERATE_INFOPLIST_FILE = YES;
				IPHONEOS_DEPLOYMENT_TARGET = 17.0;
				MARKETING_VERSION = 1.0;
				PRODUCT_BUNDLE_IDENTIFIER = Jigmet.CventTests;
				PRODUCT_NAME = "$(TARGET_NAME)";
				SWIFT_EMIT_LOC_STRINGS = NO;
				SWIFT_VERSION = 5.0;
				TARGETED_DEVICE_FAMILY = "1,2";
				TEST_HOST = "$(BUILT_PRODUCTS_DIR)/Cvent.app/$(BUNDLE_EXECUTABLE_FOLDER_PATH)/Cvent";
			};
			name = Debug;
		};
		16EB06B62AC8183E00ACAB29 /* Release */ = {
			isa = XCBuildConfiguration;
			buildSettings = {
				ALWAYS_EMBED_SWIFT_STANDARD_LIBRARIES = YES;
				BUNDLE_LOADER = "$(TEST_HOST)";
				CODE_SIGN_STYLE = Automatic;
				CURRENT_PROJECT_VERSION = 1;
				DEVELOPMENT_TEAM = XVV6L89S5W;
				GENERATE_INFOPLIST_FILE = YES;
				IPHONEOS_DEPLOYMENT_TARGET = 17.0;
				MARKETING_VERSION = 1.0;
				PRODUCT_BUNDLE_IDENTIFIER = Jigmet.CventTests;
				PRODUCT_NAME = "$(TARGET_NAME)";
				SWIFT_EMIT_LOC_STRINGS = NO;
				SWIFT_VERSION = 5.0;
				TARGETED_DEVICE_FAMILY = "1,2";
				TEST_HOST = "$(BUILT_PRODUCTS_DIR)/Cvent.app/$(BUNDLE_EXECUTABLE_FOLDER_PATH)/Cvent";
			};
			name = Release;
		};
		16EB06B82AC8183E00ACAB29 /* Debug */ = {
			isa = XCBuildConfiguration;
			buildSettings = {
				ALWAYS_EMBED_SWIFT_STANDARD_LIBRARIES = YES;
				CODE_SIGN_STYLE = Automatic;
				CURRENT_PROJECT_VERSION = 1;
				DEVELOPMENT_TEAM = XVV6L89S5W;
				GENERATE_INFOPLIST_FILE = YES;
				MARKETING_VERSION = 1.0;
				PRODUCT_BUNDLE_IDENTIFIER = Jigmet.CventUITests;
				PRODUCT_NAME = "$(TARGET_NAME)";
				SWIFT_EMIT_LOC_STRINGS = NO;
				SWIFT_VERSION = 5.0;
				TARGETED_DEVICE_FAMILY = "1,2";
				TEST_TARGET_NAME = Cvent;
			};
			name = Debug;
		};
		16EB06B92AC8183E00ACAB29 /* Release */ = {
			isa = XCBuildConfiguration;
			buildSettings = {
				ALWAYS_EMBED_SWIFT_STANDARD_LIBRARIES = YES;
				CODE_SIGN_STYLE = Automatic;
				CURRENT_PROJECT_VERSION = 1;
				DEVELOPMENT_TEAM = XVV6L89S5W;
				GENERATE_INFOPLIST_FILE = YES;
				MARKETING_VERSION = 1.0;
				PRODUCT_BUNDLE_IDENTIFIER = Jigmet.CventUITests;
				PRODUCT_NAME = "$(TARGET_NAME)";
				SWIFT_EMIT_LOC_STRINGS = NO;
				SWIFT_VERSION = 5.0;
				TARGETED_DEVICE_FAMILY = "1,2";
				TEST_TARGET_NAME = Cvent;
			};
			name = Release;
		};
/* End XCBuildConfiguration section */

/* Begin XCConfigurationList section */
		16EB06822AC8183C00ACAB29 /* Build configuration list for PBXProject "Cvent" */ = {
			isa = XCConfigurationList;
			buildConfigurations = (
				16EB06AF2AC8183E00ACAB29 /* Debug */,
				16EB06B02AC8183E00ACAB29 /* Release */,
			);
			defaultConfigurationIsVisible = 0;
			defaultConfigurationName = Release;
		};
		16EB06B12AC8183E00ACAB29 /* Build configuration list for PBXNativeTarget "Cvent" */ = {
			isa = XCConfigurationList;
			buildConfigurations = (
				16EB06B22AC8183E00ACAB29 /* Debug */,
				16EB06B32AC8183E00ACAB29 /* Release */,
			);
			defaultConfigurationIsVisible = 0;
			defaultConfigurationName = Release;
		};
		16EB06B42AC8183E00ACAB29 /* Build configuration list for PBXNativeTarget "CventTests" */ = {
			isa = XCConfigurationList;
			buildConfigurations = (
				16EB06B52AC8183E00ACAB29 /* Debug */,
				16EB06B62AC8183E00ACAB29 /* Release */,
			);
			defaultConfigurationIsVisible = 0;
			defaultConfigurationName = Release;
		};
		16EB06B72AC8183E00ACAB29 /* Build configuration list for PBXNativeTarget "CventUITests" */ = {
			isa = XCConfigurationList;
			buildConfigurations = (
				16EB06B82AC8183E00ACAB29 /* Debug */,
				16EB06B92AC8183E00ACAB29 /* Release */,
			);
			defaultConfigurationIsVisible = 0;
			defaultConfigurationName = Release;
		};
/* End XCConfigurationList section */

/* Begin XCRemoteSwiftPackageReference section */
		165E9D742AF3B114002B5DE8 /* XCRemoteSwiftPackageReference "firebase-ios-sdk" */ = {
			isa = XCRemoteSwiftPackageReference;
			repositoryURL = "https://github.com/firebase/firebase-ios-sdk";
			requirement = {
				kind = upToNextMajorVersion;
				minimumVersion = 10.17.0;
			};
		};
/* End XCRemoteSwiftPackageReference section */

/* Begin XCSwiftPackageProductDependency section */
		16AFD9E92AF3CDDE00E97D17 /* FirebaseAuth */ = {
			isa = XCSwiftPackageProductDependency;
			package = 165E9D742AF3B114002B5DE8 /* XCRemoteSwiftPackageReference "firebase-ios-sdk" */;
			productName = FirebaseAuth;
		};
/* End XCSwiftPackageProductDependency section */
	};
	rootObject = 16EB067F2AC8183C00ACAB29 /* Project object */;
}
